
Microsoft Visual Studio Solution File, Format Version 12.00
# Visual Studio Version 16
VisualStudioVersion = 16.0.30717.126
MinimumVisualStudioVersion = 10.0.40219.1
Project("{FAE04EC0-301F-11D3-BF4B-00C04F79EFBC}") = "atomiki_ergasia_p20201", "atomiki_ergasia_p20201\atomiki_ergasia_p20201.csproj", "{D08FCD6A-73E9-46EC-836C-24686A5032F0}"
EndProject
Global
	GlobalSection(SolutionConfigurationPlatforms) = preSolution
		Debug|Any CPU = Debug|Any CPU
		Release|Any CPU = Release|Any CPU
	EndGlobalSection
	GlobalSection(ProjectConfigurationPlatforms) = postSolution
		{D08FCD6A-73E9-46EC-836C-24686A5032F0}.Debug|Any CPU.ActiveCfg = Debug|Any CPU
		{D08FCD6A-73E9-46EC-836C-24686A5032F0}.Debug|Any CPU.Build.0 = Debug|Any CPU
		{D08FCD6A-73E9-46EC-836C-24686A5032F0}.Release|Any CPU.ActiveCfg = Release|Any CPU
		{D08FCD6A-73E9-46EC-836C-24686A5032F0}.Release|Any CPU.Build.0 = Release|Any CPU
	EndGlobalSection
	GlobalSection(SolutionProperties) = preSolution
		HideSolutionNode = FALSE
	EndGlobalSection
	GlobalSection(ExtensibilityGlobals) = postSolution
		SolutionGuid = {EE7ADA4A-EFC3-4BB9-B740-2C6A81E1675E}
	EndGlobalSection
EndGlobal
